// !$*UTF8*$!
{
	archiveVersion = 1;
	classes = {
	};
	objectVersion = 55;
	objects = {

/* Begin PBXBuildFile section */
		060F320827FAEECE00A41C6A /* AppDelegate.swift in Sources */ = {isa = PBXBuildFile; fileRef = 060F320727FAEECE00A41C6A /* AppDelegate.swift */; };
		060F320A27FAEECE00A41C6A /* SceneDelegate.swift in Sources */ = {isa = PBXBuildFile; fileRef = 060F320927FAEECE00A41C6A /* SceneDelegate.swift */; };
		060F320C27FAEECE00A41C6A /* SinViewController.swift in Sources */ = {isa = PBXBuildFile; fileRef = 060F320B27FAEECE00A41C6A /* SinViewController.swift */; };
		060F320F27FAEECE00A41C6A /* Main.storyboard in Resources */ = {isa = PBXBuildFile; fileRef = 060F320D27FAEECE00A41C6A /* Main.storyboard */; };
		060F321127FAEED000A41C6A /* Assets.xcassets in Resources */ = {isa = PBXBuildFile; fileRef = 060F321027FAEED000A41C6A /* Assets.xcassets */; };
		060F321427FAEED000A41C6A /* LaunchScreen.storyboard in Resources */ = {isa = PBXBuildFile; fileRef = 060F321227FAEED000A41C6A /* LaunchScreen.storyboard */; };
		060F321C27FAF99C00A41C6A /* CosViewController.swift in Sources */ = {isa = PBXBuildFile; fileRef = 060F321B27FAF99C00A41C6A /* CosViewController.swift */; };
		060F321E27FAF9CE00A41C6A /* TanViewController.swift in Sources */ = {isa = PBXBuildFile; fileRef = 060F321D27FAF9CE00A41C6A /* TanViewController.swift */; };
		060F322027FAF9DA00A41C6A /* CotViewController.swift in Sources */ = {isa = PBXBuildFile; fileRef = 060F321F27FAF9DA00A41C6A /* CotViewController.swift */; };
		060F322527FB2EE600A41C6A /* HistoryViewController.swift in Sources */ = {isa = PBXBuildFile; fileRef = 060F322427FB2EE600A41C6A /* HistoryViewController.swift */; };
/* End PBXBuildFile section */

/* Begin PBXFileReference section */
		060F320427FAEECE00A41C6A /* TrigCalculator.app */ = {isa = PBXFileReference; explicitFileType = wrapper.application; includeInIndex = 0; path = TrigCalculator.app; sourceTree = BUILT_PRODUCTS_DIR; };
		060F320727FAEECE00A41C6A /* AppDelegate.swift */ = {isa = PBXFileReference; lastKnownFileType = sourcecode.swift; path = AppDelegate.swift; sourceTree = "<group>"; };
		060F320927FAEECE00A41C6A /* SceneDelegate.swift */ = {isa = PBXFileReference; lastKnownFileType = sourcecode.swift; path = SceneDelegate.swift; sourceTree = "<group>"; };
		060F320B27FAEECE00A41C6A /* SinViewController.swift */ = {isa = PBXFileReference; lastKnownFileType = sourcecode.swift; path = SinViewController.swift; sourceTree = "<group>"; };
		060F320E27FAEECE00A41C6A /* Base */ = {isa = PBXFileReference; lastKnownFileType = file.storyboard; name = Base; path = Base.lproj/Main.storyboard; sourceTree = "<group>"; };
		060F321027FAEED000A41C6A /* Assets.xcassets */ = {isa = PBXFileReference; lastKnownFileType = folder.assetcatalog; path = Assets.xcassets; sourceTree = "<group>"; };
		060F321327FAEED000A41C6A /* Base */ = {isa = PBXFileReference; lastKnownFileType = file.storyboard; name = Base; path = Base.lproj/LaunchScreen.storyboard; sourceTree = "<group>"; };
		060F321527FAEED000A41C6A /* Info.plist */ = {isa = PBXFileReference; lastKnownFileType = text.plist.xml; path = Info.plist; sourceTree = "<group>"; };
		060F321B27FAF99C00A41C6A /* CosViewController.swift */ = {isa = PBXFileReference; lastKnownFileType = sourcecode.swift; path = CosViewController.swift; sourceTree = "<group>"; };
		060F321D27FAF9CE00A41C6A /* TanViewController.swift */ = {isa = PBXFileReference; lastKnownFileType = sourcecode.swift; path = TanViewController.swift; sourceTree = "<group>"; };
		060F321F27FAF9DA00A41C6A /* CotViewController.swift */ = {isa = PBXFileReference; lastKnownFileType = sourcecode.swift; path = CotViewController.swift; sourceTree = "<group>"; };
		060F322427FB2EE600A41C6A /* HistoryViewController.swift */ = {isa = PBXFileReference; lastKnownFileType = sourcecode.swift; path = HistoryViewController.swift; sourceTree = "<group>"; };
/* End PBXFileReference section */

/* Begin PBXFrameworksBuildPhase section */
		060F320127FAEECE00A41C6A /* Frameworks */ = {
			isa = PBXFrameworksBuildPhase;
			buildActionMask = 2147483647;
			files = (
			);
			runOnlyForDeploymentPostprocessing = 0;
		};
/* End PBXFrameworksBuildPhase section */

/* Begin PBXGroup section */
		060F31FB27FAEECE00A41C6A = {
			isa = PBXGroup;
			children = (
				060F320627FAEECE00A41C6A /* TrigCalculator */,
				060F320527FAEECE00A41C6A /* Products */,
			);
			sourceTree = "<group>";
		};
		060F320527FAEECE00A41C6A /* Products */ = {
			isa = PBXGroup;
			children = (
				060F320427FAEECE00A41C6A /* TrigCalculator.app */,
			);
			name = Products;
			sourceTree = "<group>";
		};
		060F320627FAEECE00A41C6A /* TrigCalculator */ = {
			isa = PBXGroup;
			children = (
				060F320727FAEECE00A41C6A /* AppDelegate.swift */,
				060F320927FAEECE00A41C6A /* SceneDelegate.swift */,
				060F320D27FAEECE00A41C6A /* Main.storyboard */,
				060F322127FAF9FF00A41C6A /* ViewControllers */,
				060F321027FAEED000A41C6A /* Assets.xcassets */,
				060F321227FAEED000A41C6A /* LaunchScreen.storyboard */,
				060F321527FAEED000A41C6A /* Info.plist */,
			);
			path = TrigCalculator;
			sourceTree = "<group>";
		};
		060F322127FAF9FF00A41C6A /* ViewControllers */ = {
			isa = PBXGroup;
			children = (
				060F320B27FAEECE00A41C6A /* SinViewController.swift */,
				060F321B27FAF99C00A41C6A /* CosViewController.swift */,
				060F321D27FAF9CE00A41C6A /* TanViewController.swift */,
				060F321F27FAF9DA00A41C6A /* CotViewController.swift */,
				060F322427FB2EE600A41C6A /* HistoryViewController.swift */,
			);
			name = ViewControllers;
			sourceTree = "<group>";
		};
/* End PBXGroup section */

/* Begin PBXNativeTarget section */
		060F320327FAEECE00A41C6A /* TrigCalculator */ = {
			isa = PBXNativeTarget;
			buildConfigurationList = 060F321827FAEED000A41C6A /* Build configuration list for PBXNativeTarget "TrigCalculator" */;
			buildPhases = (
				060F320027FAEECE00A41C6A /* Sources */,
				060F320127FAEECE00A41C6A /* Frameworks */,
				060F320227FAEECE00A41C6A /* Resources */,
			);
			buildRules = (
			);
			dependencies = (
			);
			name = TrigCalculator;
			productName = TrigCalculator;
			productReference = 060F320427FAEECE00A41C6A /* TrigCalculator.app */;
			productType = "com.apple.product-type.application";
		};
/* End PBXNativeTarget section */

/* Begin PBXProject section */
		060F31FC27FAEECE00A41C6A /* Project object */ = {
			isa = PBXProject;
			attributes = {
				BuildIndependentTargetsInParallel = 1;
				LastSwiftUpdateCheck = 1330;
				LastUpgradeCheck = 1330;
				TargetAttributes = {
					060F320327FAEECE00A41C6A = {
						CreatedOnToolsVersion = 13.3;
					};
				};
			};
			buildConfigurationList = 060F31FF27FAEECE00A41C6A /* Build configuration list for PBXProject "TrigCalculator" */;
			compatibilityVersion = "Xcode 13.0";
			developmentRegion = en;
			hasScannedForEncodings = 0;
			knownRegions = (
				en,
				Base,
			);
			mainGroup = 060F31FB27FAEECE00A41C6A;
			productRefGroup = 060F320527FAEECE00A41C6A /* Products */;
			projectDirPath = "";
			projectRoot = "";
			targets = (
				060F320327FAEECE00A41C6A /* TrigCalculator */,
			);
		};
/* End PBXProject section */

/* Begin PBXResourcesBuildPhase section */
		060F320227FAEECE00A41C6A /* Resources */ = {
			isa = PBXResourcesBuildPhase;
			buildActionMask = 2147483647;
			files = (
				060F321427FAEED000A41C6A /* LaunchScreen.storyboard in Resources */,
				060F321127FAEED000A41C6A /* Assets.xcassets in Resources */,
				060F320F27FAEECE00A41C6A /* Main.storyboard in Resources */,
			);
			runOnlyForDeploymentPostprocessing = 0;
		};
/* End PBXResourcesBuildPhase section */

/* Begin PBXSourcesBuildPhase section */
		060F320027FAEECE00A41C6A /* Sources */ = {
			isa = PBXSourcesBuildPhase;
			buildActionMask = 2147483647;
			files = (
				060F321E27FAF9CE00A41C6A /* TanViewController.swift in Sources */,
				060F320C27FAEECE00A41C6A /* SinViewController.swift in Sources */,
				060F320827FAEECE00A41C6A /* AppDelegate.swift in Sources */,
				060F321C27FAF99C00A41C6A /* CosViewController.swift in Sources */,
				060F320A27FAEECE00A41C6A /* SceneDelegate.swift in Sources */,
				060F322527FB2EE600A41C6A /* HistoryViewController.swift in Sources */,
				060F322027FAF9DA00A41C6A /* CotViewController.swift in Sources */,
			);
			runOnlyForDeploymentPostprocessing = 0;
		};
/* End PBXSourcesBuildPhase section */

/* Begin PBXVariantGroup section */
		060F320D27FAEECE00A41C6A /* Main.storyboard */ = {
			isa = PBXVariantGroup;
			children = (
				060F320E27FAEECE00A41C6A /* Base */,
			);
			name = Main.storyboard;
			sourceTree = "<group>";
		};
		060F321227FAEED000A41C6A /* LaunchScreen.storyboard */ = {
			isa = PBXVariantGroup;
			children = (
				060F321327FAEED000A41C6A /* Base */,
			);
			name = LaunchScreen.storyboard;
			sourceTree = "<group>";
		};
/* End PBXVariantGroup section */

/* Begin XCBuildConfiguration section */
		060F321627FAEED000A41C6A /* Debug */ = {
			isa = XCBuildConfiguration;
			buildSettings = {
				ALWAYS_SEARCH_USER_PATHS = NO;
				CLANG_ANALYZER_NONNULL = YES;
				CLANG_ANALYZER_NUMBER_OBJECT_CONVERSION = YES_AGGRESSIVE;
				CLANG_CXX_LANGUAGE_STANDARD = "gnu++17";
				CLANG_ENABLE_MODULES = YES;
				CLANG_ENABLE_OBJC_ARC = YES;
				CLANG_ENABLE_OBJC_WEAK = YES;
				CLANG_WARN_BLOCK_CAPTURE_AUTORELEASING = YES;
				CLANG_WARN_BOOL_CONVERSION = YES;
				CLANG_WARN_COMMA = YES;
				CLANG_WARN_CONSTANT_CONVERSION = YES;
				CLANG_WARN_DEPRECATED_OBJC_IMPLEMENTATIONS = YES;
				CLANG_WARN_DIRECT_OBJC_ISA_USAGE = YES_ERROR;
				CLANG_WARN_DOCUMENTATION_COMMENTS = YES;
				CLANG_WARN_EMPTY_BODY = YES;
				CLANG_WARN_ENUM_CONVERSION = YES;
				CLANG_WARN_INFINITE_RECURSION = YES;
				CLANG_WARN_INT_CONVERSION = YES;
				CLANG_WARN_NON_LITERAL_NULL_CONVERSION = YES;
				CLANG_WARN_OBJC_IMPLICIT_RETAIN_SELF = YES;
				CLANG_WARN_OBJC_LITERAL_CONVERSION = YES;
				CLANG_WARN_OBJC_ROOT_CLASS = YES_ERROR;
				CLANG_WARN_QUOTED_INCLUDE_IN_FRAMEWORK_HEADER = YES;
				CLANG_WARN_RANGE_LOOP_ANALYSIS = YES;
				CLANG_WARN_STRICT_PROTOTYPES = YES;
				CLANG_WARN_SUSPICIOUS_MOVE = YES;
				CLANG_WARN_UNGUARDED_AVAILABILITY = YES_AGGRESSIVE;
				CLANG_WARN_UNREACHABLE_CODE = YES;
				CLANG_WARN__DUPLICATE_METHOD_MATCH = YES;
				COPY_PHASE_STRIP = NO;
				DEBUG_INFORMATION_FORMAT = dwarf;
				ENABLE_STRICT_OBJC_MSGSEND = YES;
				ENABLE_TESTABILITY = YES;
				GCC_C_LANGUAGE_STANDARD = gnu11;
				GCC_DYNAMIC_NO_PIC = NO;
				GCC_NO_COMMON_BLOCKS = YES;
				GCC_OPTIMIZATION_LEVEL = 0;
				GCC_PREPROCESSOR_DEFINITIONS = (
					"DEBUG=1",
					"$(inherited)",
				);
				GCC_WARN_64_TO_32_BIT_CONVERSION = YES;
				GCC_WARN_ABOUT_RETURN_TYPE = YES_ERROR;
				GCC_WARN_UNDECLARED_SELECTOR = YES;
				GCC_WARN_UNINITIALIZED_AUTOS = YES_AGGRESSIVE;
				GCC_WARN_UNUSED_FUNCTION = YES;
				GCC_WARN_UNUSED_VARIABLE = YES;
				IPHONEOS_DEPLOYMENT_TARGET = 15.4;
				MTL_ENABLE_DEBUG_INFO = INCLUDE_SOURCE;
				MTL_FAST_MATH = YES;
				ONLY_ACTIVE_ARCH = YES;
				SDKROOT = iphoneos;
				SWIFT_ACTIVE_COMPILATION_CONDITIONS = DEBUG;
				SWIFT_OPTIMIZATION_LEVEL = "-Onone";
			};
			name = Debug;
		};
		060F321727FAEED000A41C6A /* Release */ = {
			isa = XCBuildConfiguration;
			buildSettings = {
				ALWAYS_SEARCH_USER_PATHS = NO;
				CLANG_ANALYZER_NONNULL = YES;
				CLANG_ANALYZER_NUMBER_OBJECT_CONVERSION = YES_AGGRESSIVE;
				CLANG_CXX_LANGUAGE_STANDARD = "gnu++17";
				CLANG_ENABLE_MODULES = YES;
				CLANG_ENABLE_OBJC_ARC = YES;
				CLANG_ENABLE_OBJC_WEAK = YES;
				CLANG_WARN_BLOCK_CAPTURE_AUTORELEASING = YES;
				CLANG_WARN_BOOL_CONVERSION = YES;
				CLANG_WARN_COMMA = YES;
				CLANG_WARN_CONSTANT_CONVERSION = YES;
				CLANG_WARN_DEPRECATED_OBJC_IMPLEMENTATIONS = YES;
				CLANG_WARN_DIRECT_OBJC_ISA_USAGE = YES_ERROR;
				CLANG_WARN_DOCUMENTATION_COMMENTS = YES;
				CLANG_WARN_EMPTY_BODY = YES;
				CLANG_WARN_ENUM_CONVERSION = YES;
				CLANG_WARN_INFINITE_RECURSION = YES;
				CLANG_WARN_INT_CONVERSION = YES;
				CLANG_WARN_NON_LITERAL_NULL_CONVERSION = YES;
				CLANG_WARN_OBJC_IMPLICIT_RETAIN_SELF = YES;
				CLANG_WARN_OBJC_LITERAL_CONVERSION = YES;
				CLANG_WARN_OBJC_ROOT_CLASS = YES_ERROR;
				CLANG_WARN_QUOTED_INCLUDE_IN_FRAMEWORK_HEADER = YES;
				CLANG_WARN_RANGE_LOOP_ANALYSIS = YES;
				CLANG_WARN_STRICT_PROTOTYPES = YES;
				CLANG_WARN_SUSPICIOUS_MOVE = YES;
				CLANG_WARN_UNGUARDED_AVAILABILITY = YES_AGGRESSIVE;
				CLANG_WARN_UNREACHABLE_CODE = YES;
				CLANG_WARN__DUPLICATE_METHOD_MATCH = YES;
				COPY_PHASE_STRIP = NO;
				DEBUG_INFORMATION_FORMAT = "dwarf-with-dsym";
				ENABLE_NS_ASSERTIONS = NO;
				ENABLE_STRICT_OBJC_MSGSEND = YES;
				GCC_C_LANGUAGE_STANDARD = gnu11;
				GCC_NO_COMMON_BLOCKS = YES;
				GCC_WARN_64_TO_32_BIT_CONVERSION = YES;
				GCC_WARN_ABOUT_RETURN_TYPE = YES_ERROR;
				GCC_WARN_UNDECLARED_SELECTOR = YES;
				GCC_WARN_UNINITIALIZED_AUTOS = YES_AGGRESSIVE;
				GCC_WARN_UNUSED_FUNCTION = YES;
				GCC_WARN_UNUSED_VARIABLE = YES;
				IPHONEOS_DEPLOYMENT_TARGET = 15.4;
				MTL_ENABLE_DEBUG_INFO = NO;
				MTL_FAST_MATH = YES;
				SDKROOT = iphoneos;
				SWIFT_COMPILATION_MODE = wholemodule;
				SWIFT_OPTIMIZATION_LEVEL = "-O";
				VALIDATE_PRODUCT = YES;
			};
			name = Release;
		};
		060F321927FAEED000A41C6A /* Debug */ = {
			isa = XCBuildConfiguration;
			buildSettings = {
				ASSETCATALOG_COMPILER_APPICON_NAME = AppIcon;
				ASSETCATALOG_COMPILER_GLOBAL_ACCENT_COLOR_NAME = AccentColor;
				CODE_SIGN_STYLE = Automatic;
				CURRENT_PROJECT_VERSION = 1;
				DEVELOPMENT_TEAM = YWV9MA76N6;
				GENERATE_INFOPLIST_FILE = YES;
				INFOPLIST_FILE = TrigCalculator/Info.plist;
				INFOPLIST_KEY_UIApplicationSupportsIndirectInputEvents = YES;
				INFOPLIST_KEY_UILaunchStoryboardName = LaunchScreen;
				INFOPLIST_KEY_UIMainStoryboardFile = Main;
				INFOPLIST_KEY_UISupportedInterfaceOrientations_iPad = "UIInterfaceOrientationPortrait UIInterfaceOrientationPortraitUpsideDown UIInterfaceOrientationLandscapeLeft UIInterfaceOrientationLandscapeRight";
				INFOPLIST_KEY_UISupportedInterfaceOrientations_iPhone = "UIInterfaceOrientationPortrait UIInterfaceOrientationLandscapeLeft UIInterfaceOrientationLandscapeRight";
				LD_RUNPATH_SEARCH_PATHS = (
					"$(inherited)",
					"@executable_path/Frameworks",
				);
				MARKETING_VERSION = 1.0;
				PRODUCT_BUNDLE_IDENTIFIER = nastyabekesheva.TrigCalculator;
				PRODUCT_NAME = "$(TARGET_NAME)";
				SWIFT_EMIT_LOC_STRINGS = YES;
				SWIFT_VERSION = 5.0;
				TARGETED_DEVICE_FAMILY = "1,2";
			};
			name = Debug;
		};
		060F321A27FAEED000A41C6A /* Release */ = {
			isa = XCBuildConfiguration;
			buildSettings = {
				ASSETCATALOG_COMPILER_APPICON_NAME = AppIcon;
				ASSETCATALOG_COMPILER_GLOBAL_ACCENT_COLOR_NAME = AccentColor;
				CODE_SIGN_STYLE = Automatic;
				CURRENT_PROJECT_VERSION = 1;
				DEVELOPMENT_TEAM = YWV9MA76N6;
				GENERATE_INFOPLIST_FILE = YES;
				INFOPLIST_FILE = TrigCalculator/Info.plist;
				INFOPLIST_KEY_UIApplicationSupportsIndirectInputEvents = YES;
				INFOPLIST_KEY_UILaunchStoryboardName = LaunchScreen;
				INFOPLIST_KEY_UIMainStoryboardFile = Main;
				INFOPLIST_KEY_UISupportedInterfaceOrientations_iPad = "UIInterfaceOrientationPortrait UIInterfaceOrientationPortraitUpsideDown UIInterfaceOrientationLandscapeLeft UIInterfaceOrientationLandscapeRight";
				INFOPLIST_KEY_UISupportedInterfaceOrientations_iPhone = "UIInterfaceOrientationPortrait UIInterfaceOrientationLandscapeLeft UIInterfaceOrientationLandscapeRight";
				LD_RUNPATH_SEARCH_PATHS = (
					"$(inherited)",
					"@executable_path/Frameworks",
				);
				MARKETING_VERSION = 1.0;
				PRODUCT_BUNDLE_IDENTIFIER = nastyabekesheva.TrigCalculator;
				PRODUCT_NAME = "$(TARGET_NAME)";
				SWIFT_EMIT_LOC_STRINGS = YES;
				SWIFT_VERSION = 5.0;
				TARGETED_DEVICE_FAMILY = "1,2";
			};
			name = Release;
		};
/* End XCBuildConfiguration section */

/* Begin XCConfigurationList section */
		060F31FF27FAEECE00A41C6A /* Build configuration list for PBXProject "TrigCalculator" */ = {
			isa = XCConfigurationList;
			buildConfigurations = (
				060F321627FAEED000A41C6A /* Debug */,
				060F321727FAEED000A41C6A /* Release */,
			);
			defaultConfigurationIsVisible = 0;
			defaultConfigurationName = Release;
		};
		060F321827FAEED000A41C6A /* Build configuration list for PBXNativeTarget "TrigCalculator" */ = {
			isa = XCConfigurationList;
			buildConfigurations = (
				060F321927FAEED000A41C6A /* Debug */,
				060F321A27FAEED000A41C6A /* Release */,
			);
			defaultConfigurationIsVisible = 0;
			defaultConfigurationName = Release;
		};
/* End XCConfigurationList section */
	};
	rootObject = 060F31FC27FAEECE00A41C6A /* Project object */;
}
