// !$*UTF8*$!
{
	archiveVersion = 1;
	classes = {
	};
	objectVersion = 55;
	objects = {

/* Begin PBXBuildFile section */
		063388592800459A00B48055 /* main.swift in Sources */ = {isa = PBXBuildFile; fileRef = 063388582800459A00B48055 /* main.swift */; };
		064A1BD52800465900165B9D /* Spacecraft.swift in Sources */ = {isa = PBXBuildFile; fileRef = 064A1BD42800465900165B9D /* Spacecraft.swift */; };
		064A1BD72800473C00165B9D /* Engine.swift in Sources */ = {isa = PBXBuildFile; fileRef = 064A1BD62800473C00165B9D /* Engine.swift */; };
		064A1BD92800474800165B9D /* SolarPanels.swift in Sources */ = {isa = PBXBuildFile; fileRef = 064A1BD82800474800165B9D /* SolarPanels.swift */; };
		064A1BDB2800476800165B9D /* Personnel.swift in Sources */ = {isa = PBXBuildFile; fileRef = 064A1BDA2800476800165B9D /* Personnel.swift */; };
		064A1BDD2800477100165B9D /* Scientist.swift in Sources */ = {isa = PBXBuildFile; fileRef = 064A1BDC2800477100165B9D /* Scientist.swift */; };
		064A1BDF2800477B00165B9D /* Engineer.swift in Sources */ = {isa = PBXBuildFile; fileRef = 064A1BDE2800477B00165B9D /* Engineer.swift */; };
/* End PBXBuildFile section */

/* Begin PBXCopyFilesBuildPhase section */
		063388532800459A00B48055 /* CopyFiles */ = {
			isa = PBXCopyFilesBuildPhase;
			buildActionMask = 2147483647;
			dstPath = /usr/share/man/man1/;
			dstSubfolderSpec = 0;
			files = (
			);
			runOnlyForDeploymentPostprocessing = 1;
		};
/* End PBXCopyFilesBuildPhase section */

/* Begin PBXFileReference section */
		063388552800459A00B48055 /* Spacecraft */ = {isa = PBXFileReference; explicitFileType = "compiled.mach-o.executable"; includeInIndex = 0; path = Spacecraft; sourceTree = BUILT_PRODUCTS_DIR; };
		063388582800459A00B48055 /* main.swift */ = {isa = PBXFileReference; lastKnownFileType = sourcecode.swift; path = main.swift; sourceTree = "<group>"; };
		064A1BD42800465900165B9D /* Spacecraft.swift */ = {isa = PBXFileReference; lastKnownFileType = sourcecode.swift; path = Spacecraft.swift; sourceTree = "<group>"; };
		064A1BD62800473C00165B9D /* Engine.swift */ = {isa = PBXFileReference; lastKnownFileType = sourcecode.swift; path = Engine.swift; sourceTree = "<group>"; };
		064A1BD82800474800165B9D /* SolarPanels.swift */ = {isa = PBXFileReference; lastKnownFileType = sourcecode.swift; path = SolarPanels.swift; sourceTree = "<group>"; };
		064A1BDA2800476800165B9D /* Personnel.swift */ = {isa = PBXFileReference; lastKnownFileType = sourcecode.swift; path = Personnel.swift; sourceTree = "<group>"; };
		064A1BDC2800477100165B9D /* Scientist.swift */ = {isa = PBXFileReference; lastKnownFileType = sourcecode.swift; path = Scientist.swift; sourceTree = "<group>"; };
		064A1BDE2800477B00165B9D /* Engineer.swift */ = {isa = PBXFileReference; lastKnownFileType = sourcecode.swift; path = Engineer.swift; sourceTree = "<group>"; };
/* End PBXFileReference section */

/* Begin PBXFrameworksBuildPhase section */
		063388522800459A00B48055 /* Frameworks */ = {
			isa = PBXFrameworksBuildPhase;
			buildActionMask = 2147483647;
			files = (
			);
			runOnlyForDeploymentPostprocessing = 0;
		};
/* End PBXFrameworksBuildPhase section */

/* Begin PBXGroup section */
		0633884C2800459A00B48055 = {
			isa = PBXGroup;
			children = (
				063388572800459A00B48055 /* Spacecraft */,
				063388562800459A00B48055 /* Products */,
			);
			sourceTree = "<group>";
		};
		063388562800459A00B48055 /* Products */ = {
			isa = PBXGroup;
			children = (
				063388552800459A00B48055 /* Spacecraft */,
			);
			name = Products;
			sourceTree = "<group>";
		};
		063388572800459A00B48055 /* Spacecraft */ = {
			isa = PBXGroup;
			children = (
				063388582800459A00B48055 /* main.swift */,
				064A1BD42800465900165B9D /* Spacecraft.swift */,
				064A1BD62800473C00165B9D /* Engine.swift */,
				064A1BD82800474800165B9D /* SolarPanels.swift */,
				064A1BDA2800476800165B9D /* Personnel.swift */,
				064A1BDC2800477100165B9D /* Scientist.swift */,
				064A1BDE2800477B00165B9D /* Engineer.swift */,
			);
			path = Spacecraft;
			sourceTree = "<group>";
		};
/* End PBXGroup section */

/* Begin PBXNativeTarget section */
		063388542800459A00B48055 /* Spacecraft */ = {
			isa = PBXNativeTarget;
			buildConfigurationList = 0633885C2800459A00B48055 /* Build configuration list for PBXNativeTarget "Spacecraft" */;
			buildPhases = (
				063388512800459A00B48055 /* Sources */,
				063388522800459A00B48055 /* Frameworks */,
				063388532800459A00B48055 /* CopyFiles */,
			);
			buildRules = (
			);
			dependencies = (
			);
			name = Spacecraft;
			productName = Spacecraft;
			productReference = 063388552800459A00B48055 /* Spacecraft */;
			productType = "com.apple.product-type.tool";
		};
/* End PBXNativeTarget section */

/* Begin PBXProject section */
		0633884D2800459A00B48055 /* Project object */ = {
			isa = PBXProject;
			attributes = {
				BuildIndependentTargetsInParallel = 1;
				LastSwiftUpdateCheck = 1330;
				LastUpgradeCheck = 1330;
				TargetAttributes = {
					063388542800459A00B48055 = {
						CreatedOnToolsVersion = 13.3;
					};
				};
			};
			buildConfigurationList = 063388502800459A00B48055 /* Build configuration list for PBXProject "Spacecraft" */;
			compatibilityVersion = "Xcode 13.0";
			developmentRegion = en;
			hasScannedForEncodings = 0;
			knownRegions = (
				en,
				Base,
			);
			mainGroup = 0633884C2800459A00B48055;
			productRefGroup = 063388562800459A00B48055 /* Products */;
			projectDirPath = "";
			projectRoot = "";
			targets = (
				063388542800459A00B48055 /* Spacecraft */,
			);
		};
/* End PBXProject section */

/* Begin PBXSourcesBuildPhase section */
		063388512800459A00B48055 /* Sources */ = {
			isa = PBXSourcesBuildPhase;
			buildActionMask = 2147483647;
			files = (
				064A1BD92800474800165B9D /* SolarPanels.swift in Sources */,
				064A1BDF2800477B00165B9D /* Engineer.swift in Sources */,
				063388592800459A00B48055 /* main.swift in Sources */,
				064A1BDB2800476800165B9D /* Personnel.swift in Sources */,
				064A1BD72800473C00165B9D /* Engine.swift in Sources */,
				064A1BDD2800477100165B9D /* Scientist.swift in Sources */,
				064A1BD52800465900165B9D /* Spacecraft.swift in Sources */,
			);
			runOnlyForDeploymentPostprocessing = 0;
		};
/* End PBXSourcesBuildPhase section */

/* Begin XCBuildConfiguration section */
		0633885A2800459A00B48055 /* Debug */ = {
			isa = XCBuildConfiguration;
			buildSettings = {
				ALWAYS_SEARCH_USER_PATHS = NO;
				CLANG_ANALYZER_NONNULL = YES;
				CLANG_ANALYZER_NUMBER_OBJECT_CONVERSION = YES_AGGRESSIVE;
				CLANG_CXX_LANGUAGE_STANDARD = "gnu++17";
				CLANG_ENABLE_MODULES = YES;
				CLANG_ENABLE_OBJC_ARC = YES;
				CLANG_ENABLE_OBJC_WEAK = YES;
				CLANG_WARN_BLOCK_CAPTURE_AUTORELEASING = YES;
				CLANG_WARN_BOOL_CONVERSION = YES;
				CLANG_WARN_COMMA = YES;
				CLANG_WARN_CONSTANT_CONVERSION = YES;
				CLANG_WARN_DEPRECATED_OBJC_IMPLEMENTATIONS = YES;
				CLANG_WARN_DIRECT_OBJC_ISA_USAGE = YES_ERROR;
				CLANG_WARN_DOCUMENTATION_COMMENTS = YES;
				CLANG_WARN_EMPTY_BODY = YES;
				CLANG_WARN_ENUM_CONVERSION = YES;
				CLANG_WARN_INFINITE_RECURSION = YES;
				CLANG_WARN_INT_CONVERSION = YES;
				CLANG_WARN_NON_LITERAL_NULL_CONVERSION = YES;
				CLANG_WARN_OBJC_IMPLICIT_RETAIN_SELF = YES;
				CLANG_WARN_OBJC_LITERAL_CONVERSION = YES;
				CLANG_WARN_OBJC_ROOT_CLASS = YES_ERROR;
				CLANG_WARN_QUOTED_INCLUDE_IN_FRAMEWORK_HEADER = YES;
				CLANG_WARN_RANGE_LOOP_ANALYSIS = YES;
				CLANG_WARN_STRICT_PROTOTYPES = YES;
				CLANG_WARN_SUSPICIOUS_MOVE = YES;
				CLANG_WARN_UNGUARDED_AVAILABILITY = YES_AGGRESSIVE;
				CLANG_WARN_UNREACHABLE_CODE = YES;
				CLANG_WARN__DUPLICATE_METHOD_MATCH = YES;
				COPY_PHASE_STRIP = NO;
				DEBUG_INFORMATION_FORMAT = dwarf;
				ENABLE_STRICT_OBJC_MSGSEND = YES;
				ENABLE_TESTABILITY = YES;
				GCC_C_LANGUAGE_STANDARD = gnu11;
				GCC_DYNAMIC_NO_PIC = NO;
				GCC_NO_COMMON_BLOCKS = YES;
				GCC_OPTIMIZATION_LEVEL = 0;
				GCC_PREPROCESSOR_DEFINITIONS = (
					"DEBUG=1",
					"$(inherited)",
				);
				GCC_WARN_64_TO_32_BIT_CONVERSION = YES;
				GCC_WARN_ABOUT_RETURN_TYPE = YES_ERROR;
				GCC_WARN_UNDECLARED_SELECTOR = YES;
				GCC_WARN_UNINITIALIZED_AUTOS = YES_AGGRESSIVE;
				GCC_WARN_UNUSED_FUNCTION = YES;
				GCC_WARN_UNUSED_VARIABLE = YES;
				MACOSX_DEPLOYMENT_TARGET = 12.3;
				MTL_ENABLE_DEBUG_INFO = INCLUDE_SOURCE;
				MTL_FAST_MATH = YES;
				ONLY_ACTIVE_ARCH = YES;
				SDKROOT = macosx;
				SWIFT_ACTIVE_COMPILATION_CONDITIONS = DEBUG;
				SWIFT_OPTIMIZATION_LEVEL = "-Onone";
			};
			name = Debug;
		};
		0633885B2800459A00B48055 /* Release */ = {
			isa = XCBuildConfiguration;
			buildSettings = {
				ALWAYS_SEARCH_USER_PATHS = NO;
				CLANG_ANALYZER_NONNULL = YES;
				CLANG_ANALYZER_NUMBER_OBJECT_CONVERSION = YES_AGGRESSIVE;
				CLANG_CXX_LANGUAGE_STANDARD = "gnu++17";
				CLANG_ENABLE_MODULES = YES;
				CLANG_ENABLE_OBJC_ARC = YES;
				CLANG_ENABLE_OBJC_WEAK = YES;
				CLANG_WARN_BLOCK_CAPTURE_AUTORELEASING = YES;
				CLANG_WARN_BOOL_CONVERSION = YES;
				CLANG_WARN_COMMA = YES;
				CLANG_WARN_CONSTANT_CONVERSION = YES;
				CLANG_WARN_DEPRECATED_OBJC_IMPLEMENTATIONS = YES;
				CLANG_WARN_DIRECT_OBJC_ISA_USAGE = YES_ERROR;
				CLANG_WARN_DOCUMENTATION_COMMENTS = YES;
				CLANG_WARN_EMPTY_BODY = YES;
				CLANG_WARN_ENUM_CONVERSION = YES;
				CLANG_WARN_INFINITE_RECURSION = YES;
				CLANG_WARN_INT_CONVERSION = YES;
				CLANG_WARN_NON_LITERAL_NULL_CONVERSION = YES;
				CLANG_WARN_OBJC_IMPLICIT_RETAIN_SELF = YES;
				CLANG_WARN_OBJC_LITERAL_CONVERSION = YES;
				CLANG_WARN_OBJC_ROOT_CLASS = YES_ERROR;
				CLANG_WARN_QUOTED_INCLUDE_IN_FRAMEWORK_HEADER = YES;
				CLANG_WARN_RANGE_LOOP_ANALYSIS = YES;
				CLANG_WARN_STRICT_PROTOTYPES = YES;
				CLANG_WARN_SUSPICIOUS_MOVE = YES;
				CLANG_WARN_UNGUARDED_AVAILABILITY = YES_AGGRESSIVE;
				CLANG_WARN_UNREACHABLE_CODE = YES;
				CLANG_WARN__DUPLICATE_METHOD_MATCH = YES;
				COPY_PHASE_STRIP = NO;
				DEBUG_INFORMATION_FORMAT = "dwarf-with-dsym";
				ENABLE_NS_ASSERTIONS = NO;
				ENABLE_STRICT_OBJC_MSGSEND = YES;
				GCC_C_LANGUAGE_STANDARD = gnu11;
				GCC_NO_COMMON_BLOCKS = YES;
				GCC_WARN_64_TO_32_BIT_CONVERSION = YES;
				GCC_WARN_ABOUT_RETURN_TYPE = YES_ERROR;
				GCC_WARN_UNDECLARED_SELECTOR = YES;
				GCC_WARN_UNINITIALIZED_AUTOS = YES_AGGRESSIVE;
				GCC_WARN_UNUSED_FUNCTION = YES;
				GCC_WARN_UNUSED_VARIABLE = YES;
				MACOSX_DEPLOYMENT_TARGET = 12.3;
				MTL_ENABLE_DEBUG_INFO = NO;
				MTL_FAST_MATH = YES;
				SDKROOT = macosx;
				SWIFT_COMPILATION_MODE = wholemodule;
				SWIFT_OPTIMIZATION_LEVEL = "-O";
			};
			name = Release;
		};
		0633885D2800459A00B48055 /* Debug */ = {
			isa = XCBuildConfiguration;
			buildSettings = {
				CODE_SIGN_STYLE = Automatic;
				DEVELOPMENT_TEAM = YWV9MA76N6;
				ENABLE_HARDENED_RUNTIME = YES;
				PRODUCT_NAME = "$(TARGET_NAME)";
				SWIFT_VERSION = 5.0;
			};
			name = Debug;
		};
		0633885E2800459A00B48055 /* Release */ = {
			isa = XCBuildConfiguration;
			buildSettings = {
				CODE_SIGN_STYLE = Automatic;
				DEVELOPMENT_TEAM = YWV9MA76N6;
				ENABLE_HARDENED_RUNTIME = YES;
				PRODUCT_NAME = "$(TARGET_NAME)";
				SWIFT_VERSION = 5.0;
			};
			name = Release;
		};
/* End XCBuildConfiguration section */

/* Begin XCConfigurationList section */
		063388502800459A00B48055 /* Build configuration list for PBXProject "Spacecraft" */ = {
			isa = XCConfigurationList;
			buildConfigurations = (
				0633885A2800459A00B48055 /* Debug */,
				0633885B2800459A00B48055 /* Release */,
			);
			defaultConfigurationIsVisible = 0;
			defaultConfigurationName = Release;
		};
		0633885C2800459A00B48055 /* Build configuration list for PBXNativeTarget "Spacecraft" */ = {
			isa = XCConfigurationList;
			buildConfigurations = (
				0633885D2800459A00B48055 /* Debug */,
				0633885E2800459A00B48055 /* Release */,
			);
			defaultConfigurationIsVisible = 0;
			defaultConfigurationName = Release;
		};
/* End XCConfigurationList section */
	};
	rootObject = 0633884D2800459A00B48055 /* Project object */;
}
